// !$*UTF8*$!
{
	archiveVersion = 1;
	classes = {
	};
	objectVersion = 50;
	objects = {

/* Begin PBXBuildFile section */
		069E7D4224A466A6005495F6 /* BFS.swift in Sources */ = {isa = PBXBuildFile; fileRef = 069E7D4124A466A6005495F6 /* BFS.swift */; };
		069E827524A4D591005495F6 /* MIniStack.swift in Sources */ = {isa = PBXBuildFile; fileRef = 069E827424A4D591005495F6 /* MIniStack.swift */; };
		069E827724A4D988005495F6 /* ValidSquare.swift in Sources */ = {isa = PBXBuildFile; fileRef = 069E827624A4D988005495F6 /* ValidSquare.swift */; };
		069E827924A4DD2E005495F6 /* DailyTemperature.swift in Sources */ = {isa = PBXBuildFile; fileRef = 069E827824A4DD2E005495F6 /* DailyTemperature.swift */; };
		069E827B24A4EE68005495F6 /* ReversePolish.swift in Sources */ = {isa = PBXBuildFile; fileRef = 069E827A24A4EE68005495F6 /* ReversePolish.swift */; };
		069E827E24A59BE8005495F6 /* DFS.swift in Sources */ = {isa = PBXBuildFile; fileRef = 069E827D24A59BE8005495F6 /* DFS.swift */; };
		069E828024A5AD8C005495F6 /* IslandInStack.swift in Sources */ = {isa = PBXBuildFile; fileRef = 069E827F24A5AD8C005495F6 /* IslandInStack.swift */; };
		069E828224A5B3DC005495F6 /* CloneGraph.swift in Sources */ = {isa = PBXBuildFile; fileRef = 069E828124A5B3DC005495F6 /* CloneGraph.swift */; };
		069E828524A5B62E005495F6 /* TwoSum.swift in Sources */ = {isa = PBXBuildFile; fileRef = 069E828424A5B62E005495F6 /* TwoSum.swift */; };
		069E828724A5C625005495F6 /* InorderTree.swift in Sources */ = {isa = PBXBuildFile; fileRef = 069E828624A5C625005495F6 /* InorderTree.swift */; };
		06F42F5424A3BF0400FF19D3 /* main.swift in Sources */ = {isa = PBXBuildFile; fileRef = 06F42F5324A3BF0400FF19D3 /* main.swift */; };
		06F42F5B24A3BF1700FF19D3 /* RankArray.swift in Sources */ = {isa = PBXBuildFile; fileRef = 06F42F5A24A3BF1700FF19D3 /* RankArray.swift */; };
		06F42F5D24A3C4B700FF19D3 /* SumOfThree.swift in Sources */ = {isa = PBXBuildFile; fileRef = 06F42F5C24A3C4B700FF19D3 /* SumOfThree.swift */; };
		06F42F5F24A3C6D300FF19D3 /* MyCircularQueue.swift in Sources */ = {isa = PBXBuildFile; fileRef = 06F42F5E24A3C6D300FF19D3 /* MyCircularQueue.swift */; };
/* End PBXBuildFile section */

/* Begin PBXCopyFilesBuildPhase section */
		06F42F4E24A3BF0400FF19D3 /* CopyFiles */ = {
			isa = PBXCopyFilesBuildPhase;
			buildActionMask = 2147483647;
			dstPath = /usr/share/man/man1/;
			dstSubfolderSpec = 0;
			files = (
			);
			runOnlyForDeploymentPostprocessing = 1;
		};
/* End PBXCopyFilesBuildPhase section */

/* Begin PBXFileReference section */
		069E7D4124A466A6005495F6 /* BFS.swift */ = {isa = PBXFileReference; lastKnownFileType = sourcecode.swift; path = BFS.swift; sourceTree = "<group>"; };
		069E820B24A4CEB1005495F6 /* 4-队列.md */ = {isa = PBXFileReference; lastKnownFileType = net.daringfireball.markdown; path = "4-队列.md"; sourceTree = "<group>"; };
		069E820C24A4CEB1005495F6 /* 2-链表.md */ = {isa = PBXFileReference; lastKnownFileType = net.daringfireball.markdown; path = "2-链表.md"; sourceTree = "<group>"; };
		069E820E24A4CEB1005495F6 /* hashLink.png */ = {isa = PBXFileReference; lastKnownFileType = image.png; path = hashLink.png; sourceTree = "<group>"; };
		069E820F24A4CEB1005495F6 /* btree.png */ = {isa = PBXFileReference; lastKnownFileType = image.png; path = btree.png; sourceTree = "<group>"; };
		069E821024A4CEB1005495F6 /* iteratetree.png */ = {isa = PBXFileReference; lastKnownFileType = image.png; path = iteratetree.png; sourceTree = "<group>"; };
		069E821124A4CEB1005495F6 /* singleLink.png */ = {isa = PBXFileReference; lastKnownFileType = image.png; path = singleLink.png; sourceTree = "<group>"; };
		069E821224A4CEB1005495F6 /* tree.png */ = {isa = PBXFileReference; lastKnownFileType = image.png; path = tree.png; sourceTree = "<group>"; };
		069E821324A4CEB1005495F6 /* stack.png */ = {isa = PBXFileReference; lastKnownFileType = image.png; path = stack.png; sourceTree = "<group>"; };
		069E821424A4CEB1005495F6 /* hashFun.png */ = {isa = PBXFileReference; lastKnownFileType = image.png; path = hashFun.png; sourceTree = "<group>"; };
		069E821524A4CEB1005495F6 /* simpleQueue.png */ = {isa = PBXFileReference; lastKnownFileType = image.png; path = simpleQueue.png; sourceTree = "<group>"; };
		069E821624A4CEB1005495F6 /* linklist.png */ = {isa = PBXFileReference; lastKnownFileType = image.png; path = linklist.png; sourceTree = "<group>"; };
		069E821724A4CEB1005495F6 /* stackFrame.png */ = {isa = PBXFileReference; lastKnownFileType = image.png; path = stackFrame.png; sourceTree = "<group>"; };
		069E821824A4CEB1005495F6 /* 8-树.md */ = {isa = PBXFileReference; lastKnownFileType = net.daringfireball.markdown; path = "8-树.md"; sourceTree = "<group>"; };
		069E821924A4CEB1005495F6 /* 9-树.md */ = {isa = PBXFileReference; lastKnownFileType = net.daringfireball.markdown; path = "9-树.md"; sourceTree = "<group>"; };
		069E821A24A4CEB1005495F6 /* 1-数组.md */ = {isa = PBXFileReference; lastKnownFileType = net.daringfireball.markdown; path = "1-数组.md"; sourceTree = "<group>"; };
		069E821B24A4CEB1005495F6 /* 6-哈希算法.md */ = {isa = PBXFileReference; lastKnownFileType = net.daringfireball.markdown; path = "6-哈希算法.md"; sourceTree = "<group>"; };
		069E821C24A4CEB1005495F6 /* iOS-style-guide.md */ = {isa = PBXFileReference; lastKnownFileType = net.daringfireball.markdown; path = "iOS-style-guide.md"; sourceTree = "<group>"; };
		069E821D24A4CEB1005495F6 /* 3-栈.md */ = {isa = PBXFileReference; lastKnownFileType = net.daringfireball.markdown; path = "3-栈.md"; sourceTree = "<group>"; };
		069E821E24A4CEB1005495F6 /* 5-散列表.md */ = {isa = PBXFileReference; lastKnownFileType = net.daringfireball.markdown; path = "5-散列表.md"; sourceTree = "<group>"; };
		069E821F24A4CEB1005495F6 /* 7-排序.md */ = {isa = PBXFileReference; lastKnownFileType = net.daringfireball.markdown; path = "7-排序.md"; sourceTree = "<group>"; };
		069E822524A4CF0B005495F6 /* main.cpp */ = {isa = PBXFileReference; lastKnownFileType = sourcecode.cpp.cpp; path = main.cpp; sourceTree = "<group>"; };
		069E822724A4CF0B005495F6 /* main.cpp */ = {isa = PBXFileReference; lastKnownFileType = sourcecode.cpp.cpp; path = main.cpp; sourceTree = "<group>"; };
		069E822924A4CF0B005495F6 /* main.cpp */ = {isa = PBXFileReference; lastKnownFileType = sourcecode.cpp.cpp; path = main.cpp; sourceTree = "<group>"; };
		069E822B24A4CF0B005495F6 /* main.cpp */ = {isa = PBXFileReference; lastKnownFileType = sourcecode.cpp.cpp; path = main.cpp; sourceTree = "<group>"; };
		069E822D24A4CF0B005495F6 /* main.cpp */ = {isa = PBXFileReference; lastKnownFileType = sourcecode.cpp.cpp; path = main.cpp; sourceTree = "<group>"; };
		069E822F24A4CF0B005495F6 /* main.cpp */ = {isa = PBXFileReference; lastKnownFileType = sourcecode.cpp.cpp; path = main.cpp; sourceTree = "<group>"; };
		069E823124A4CF0B005495F6 /* main.cpp */ = {isa = PBXFileReference; lastKnownFileType = sourcecode.cpp.cpp; path = main.cpp; sourceTree = "<group>"; };
		069E823324A4CF0B005495F6 /* main.cpp */ = {isa = PBXFileReference; lastKnownFileType = sourcecode.cpp.cpp; path = main.cpp; sourceTree = "<group>"; };
		069E823524A4CF0B005495F6 /* main.cpp */ = {isa = PBXFileReference; lastKnownFileType = sourcecode.cpp.cpp; path = main.cpp; sourceTree = "<group>"; };
		069E823724A4CF0B005495F6 /* main.cpp */ = {isa = PBXFileReference; lastKnownFileType = sourcecode.cpp.cpp; path = main.cpp; sourceTree = "<group>"; };
		069E823924A4CF0B005495F6 /* main.cpp */ = {isa = PBXFileReference; lastKnownFileType = sourcecode.cpp.cpp; path = main.cpp; sourceTree = "<group>"; };
		069E823B24A4CF0B005495F6 /* main.cpp */ = {isa = PBXFileReference; lastKnownFileType = sourcecode.cpp.cpp; path = main.cpp; sourceTree = "<group>"; };
		069E823D24A4CF0B005495F6 /* main.cpp */ = {isa = PBXFileReference; lastKnownFileType = sourcecode.cpp.cpp; path = main.cpp; sourceTree = "<group>"; };
		069E823F24A4CF0B005495F6 /* Stack.xcodeproj */ = {isa = PBXFileReference; lastKnownFileType = "wrapper.pb-project"; path = Stack.xcodeproj; sourceTree = "<group>"; };
		069E824324A4CF0B005495F6 /* main.cpp */ = {isa = PBXFileReference; lastKnownFileType = sourcecode.cpp.cpp; path = main.cpp; sourceTree = "<group>"; };
		069E824524A4CF0B005495F6 /* main.cpp */ = {isa = PBXFileReference; lastKnownFileType = sourcecode.cpp.cpp; path = main.cpp; sourceTree = "<group>"; };
		069E827424A4D591005495F6 /* MIniStack.swift */ = {isa = PBXFileReference; lastKnownFileType = sourcecode.swift; path = MIniStack.swift; sourceTree = "<group>"; };
		069E827624A4D988005495F6 /* ValidSquare.swift */ = {isa = PBXFileReference; lastKnownFileType = sourcecode.swift; path = ValidSquare.swift; sourceTree = "<group>"; };
		069E827824A4DD2E005495F6 /* DailyTemperature.swift */ = {isa = PBXFileReference; lastKnownFileType = sourcecode.swift; path = DailyTemperature.swift; sourceTree = "<group>"; };
		069E827A24A4EE68005495F6 /* ReversePolish.swift */ = {isa = PBXFileReference; lastKnownFileType = sourcecode.swift; path = ReversePolish.swift; sourceTree = "<group>"; };
		069E827D24A59BE8005495F6 /* DFS.swift */ = {isa = PBXFileReference; lastKnownFileType = sourcecode.swift; path = DFS.swift; sourceTree = "<group>"; };
		069E827F24A5AD8C005495F6 /* IslandInStack.swift */ = {isa = PBXFileReference; lastKnownFileType = sourcecode.swift; path = IslandInStack.swift; sourceTree = "<group>"; };
		069E828124A5B3DC005495F6 /* CloneGraph.swift */ = {isa = PBXFileReference; lastKnownFileType = sourcecode.swift; path = CloneGraph.swift; sourceTree = "<group>"; };
		069E828424A5B62E005495F6 /* TwoSum.swift */ = {isa = PBXFileReference; lastKnownFileType = sourcecode.swift; path = TwoSum.swift; sourceTree = "<group>"; };
		069E828624A5C625005495F6 /* InorderTree.swift */ = {isa = PBXFileReference; lastKnownFileType = sourcecode.swift; path = InorderTree.swift; sourceTree = "<group>"; };
		06F42F5024A3BF0400FF19D3 /* CartoonSwift */ = {isa = PBXFileReference; explicitFileType = "compiled.mach-o.executable"; includeInIndex = 0; path = CartoonSwift; sourceTree = BUILT_PRODUCTS_DIR; };
		06F42F5324A3BF0400FF19D3 /* main.swift */ = {isa = PBXFileReference; lastKnownFileType = sourcecode.swift; path = main.swift; sourceTree = "<group>"; };
		06F42F5A24A3BF1700FF19D3 /* RankArray.swift */ = {isa = PBXFileReference; lastKnownFileType = sourcecode.swift; path = RankArray.swift; sourceTree = "<group>"; };
		06F42F5C24A3C4B700FF19D3 /* SumOfThree.swift */ = {isa = PBXFileReference; lastKnownFileType = sourcecode.swift; path = SumOfThree.swift; sourceTree = "<group>"; };
		06F42F5E24A3C6D300FF19D3 /* MyCircularQueue.swift */ = {isa = PBXFileReference; lastKnownFileType = sourcecode.swift; path = MyCircularQueue.swift; sourceTree = "<group>"; };
/* End PBXFileReference section */

/* Begin PBXFrameworksBuildPhase section */
		06F42F4D24A3BF0400FF19D3 /* Frameworks */ = {
			isa = PBXFrameworksBuildPhase;
			buildActionMask = 2147483647;
			files = (
			);
			runOnlyForDeploymentPostprocessing = 0;
		};
/* End PBXFrameworksBuildPhase section */

/* Begin PBXGroup section */
		069E7D4024A46671005495F6 /* Queue */ = {
			isa = PBXGroup;
			children = (
				06F42F5E24A3C6D300FF19D3 /* MyCircularQueue.swift */,
				069E7D4124A466A6005495F6 /* BFS.swift */,
			);
			path = Queue;
			sourceTree = "<group>";
		};
		069E820924A4CEA6005495F6 /* Array */ = {
			isa = PBXGroup;
			children = (
			);
			path = Array;
			sourceTree = "<group>";
		};
		069E820A24A4CEB1005495F6 /* 数据结构 */ = {
			isa = PBXGroup;
			children = (
				069E821A24A4CEB1005495F6 /* 1-数组.md */,
				069E820C24A4CEB1005495F6 /* 2-链表.md */,
				069E821D24A4CEB1005495F6 /* 3-栈.md */,
				069E820B24A4CEB1005495F6 /* 4-队列.md */,
				069E821E24A4CEB1005495F6 /* 5-散列表.md */,
				069E821B24A4CEB1005495F6 /* 6-哈希算法.md */,
				069E821F24A4CEB1005495F6 /* 7-排序.md */,
				069E821824A4CEB1005495F6 /* 8-树.md */,
				069E821924A4CEB1005495F6 /* 9-树.md */,
				069E820D24A4CEB1005495F6 /* img */,
				069E821C24A4CEB1005495F6 /* iOS-style-guide.md */,
			);
			name = "数据结构";
			path = "../../../数据结构";
			sourceTree = "<group>";
		};
		069E820D24A4CEB1005495F6 /* img */ = {
			isa = PBXGroup;
			children = (
				069E820E24A4CEB1005495F6 /* hashLink.png */,
				069E820F24A4CEB1005495F6 /* btree.png */,
				069E821024A4CEB1005495F6 /* iteratetree.png */,
				069E821124A4CEB1005495F6 /* singleLink.png */,
				069E821224A4CEB1005495F6 /* tree.png */,
				069E821324A4CEB1005495F6 /* stack.png */,
				069E821424A4CEB1005495F6 /* hashFun.png */,
				069E821524A4CEB1005495F6 /* simpleQueue.png */,
				069E821624A4CEB1005495F6 /* linklist.png */,
				069E821724A4CEB1005495F6 /* stackFrame.png */,
			);
			path = img;
			sourceTree = "<group>";
		};
		069E822024A4CF0B005495F6 /* DataStructure */ = {
			isa = PBXGroup;
			children = (
				069E822424A4CF0B005495F6 /* AStcok */,
				069E822624A4CF0B005495F6 /* Sort */,
				069E822824A4CF0B005495F6 /* StringToSearch */,
				069E822A24A4CF0B005495F6 /* BinarySearch */,
				069E822C24A4CF0B005495F6 /* Recursive */,
				069E822E24A4CF0B005495F6 /* 链表 */,
				069E823024A4CF0B005495F6 /* Sort3 */,
				069E823224A4CF0B005495F6 /* Solution */,
				069E823424A4CF0B005495F6 /* Sort2 */,
				069E823624A4CF0B005495F6 /* DataStructure */,
				069E823824A4CF0B005495F6 /* 数组 */,
				069E823A24A4CF0B005495F6 /* HeapN */,
				069E823C24A4CF0B005495F6 /* String */,
				069E823E24A4CF0B005495F6 /* Stack */,
				069E824224A4CF0B005495F6 /* BinaryTreeIterator */,
				069E824424A4CF0B005495F6 /* BinaryTree */,
			);
			path = DataStructure;
			sourceTree = "<group>";
		};
		069E822424A4CF0B005495F6 /* AStcok */ = {
			isa = PBXGroup;
			children = (
				069E822524A4CF0B005495F6 /* main.cpp */,
			);
			path = AStcok;
			sourceTree = "<group>";
		};
		069E822624A4CF0B005495F6 /* Sort */ = {
			isa = PBXGroup;
			children = (
				069E822724A4CF0B005495F6 /* main.cpp */,
			);
			path = Sort;
			sourceTree = "<group>";
		};
		069E822824A4CF0B005495F6 /* StringToSearch */ = {
			isa = PBXGroup;
			children = (
				069E822924A4CF0B005495F6 /* main.cpp */,
			);
			path = StringToSearch;
			sourceTree = "<group>";
		};
		069E822A24A4CF0B005495F6 /* BinarySearch */ = {
			isa = PBXGroup;
			children = (
				069E822B24A4CF0B005495F6 /* main.cpp */,
			);
			path = BinarySearch;
			sourceTree = "<group>";
		};
		069E822C24A4CF0B005495F6 /* Recursive */ = {
			isa = PBXGroup;
			children = (
				069E822D24A4CF0B005495F6 /* main.cpp */,
			);
			path = Recursive;
			sourceTree = "<group>";
		};
		069E822E24A4CF0B005495F6 /* 链表 */ = {
			isa = PBXGroup;
			children = (
				069E822F24A4CF0B005495F6 /* main.cpp */,
			);
			path = "链表";
			sourceTree = "<group>";
		};
		069E823024A4CF0B005495F6 /* Sort3 */ = {
			isa = PBXGroup;
			children = (
				069E823124A4CF0B005495F6 /* main.cpp */,
			);
			path = Sort3;
			sourceTree = "<group>";
		};
		069E823224A4CF0B005495F6 /* Solution */ = {
			isa = PBXGroup;
			children = (
				069E823324A4CF0B005495F6 /* main.cpp */,
			);
			path = Solution;
			sourceTree = "<group>";
		};
		069E823424A4CF0B005495F6 /* Sort2 */ = {
			isa = PBXGroup;
			children = (
				069E823524A4CF0B005495F6 /* main.cpp */,
			);
			path = Sort2;
			sourceTree = "<group>";
		};
		069E823624A4CF0B005495F6 /* DataStructure */ = {
			isa = PBXGroup;
			children = (
				069E823724A4CF0B005495F6 /* main.cpp */,
			);
			path = DataStructure;
			sourceTree = "<group>";
		};
		069E823824A4CF0B005495F6 /* 数组 */ = {
			isa = PBXGroup;
			children = (
				069E823924A4CF0B005495F6 /* main.cpp */,
			);
			path = "数组";
			sourceTree = "<group>";
		};
		069E823A24A4CF0B005495F6 /* HeapN */ = {
			isa = PBXGroup;
			children = (
				069E823B24A4CF0B005495F6 /* main.cpp */,
			);
			path = HeapN;
			sourceTree = "<group>";
		};
		069E823C24A4CF0B005495F6 /* String */ = {
			isa = PBXGroup;
			children = (
				069E823D24A4CF0B005495F6 /* main.cpp */,
			);
			path = String;
			sourceTree = "<group>";
		};
		069E823E24A4CF0B005495F6 /* Stack */ = {
			isa = PBXGroup;
			children = (
				069E823F24A4CF0B005495F6 /* Stack.xcodeproj */,
			);
			path = Stack;
			sourceTree = "<group>";
		};
		069E824024A4CF0B005495F6 /* Products */ = {
			isa = PBXGroup;
			name = Products;
			sourceTree = "<group>";
		};
		069E824224A4CF0B005495F6 /* BinaryTreeIterator */ = {
			isa = PBXGroup;
			children = (
				069E824324A4CF0B005495F6 /* main.cpp */,
			);
			path = BinaryTreeIterator;
			sourceTree = "<group>";
		};
		069E824424A4CF0B005495F6 /* BinaryTree */ = {
			isa = PBXGroup;
			children = (
				069E824524A4CF0B005495F6 /* main.cpp */,
			);
			path = BinaryTree;
			sourceTree = "<group>";
		};
		069E827324A4D589005495F6 /* Stack */ = {
			isa = PBXGroup;
			children = (
				069E827424A4D591005495F6 /* MIniStack.swift */,
				069E827624A4D988005495F6 /* ValidSquare.swift */,
				069E827824A4DD2E005495F6 /* DailyTemperature.swift */,
				069E827A24A4EE68005495F6 /* ReversePolish.swift */,
				069E827D24A59BE8005495F6 /* DFS.swift */,
				069E827F24A5AD8C005495F6 /* IslandInStack.swift */,
				069E828124A5B3DC005495F6 /* CloneGraph.swift */,
				069E828624A5C625005495F6 /* InorderTree.swift */,
			);
			path = Stack;
			sourceTree = "<group>";
		};
		069E828324A5B61C005495F6 /* Easy */ = {
			isa = PBXGroup;
			children = (
				069E828424A5B62E005495F6 /* TwoSum.swift */,
			);
			path = Easy;
			sourceTree = "<group>";
		};
		06F42F4724A3BF0400FF19D3 = {
			isa = PBXGroup;
			children = (
				06F42F5224A3BF0400FF19D3 /* CartoonSwift */,
				069E822024A4CF0B005495F6 /* DataStructure */,
				06F42F5124A3BF0400FF19D3 /* Products */,
			);
			sourceTree = "<group>";
		};
		06F42F5124A3BF0400FF19D3 /* Products */ = {
			isa = PBXGroup;
			children = (
				06F42F5024A3BF0400FF19D3 /* CartoonSwift */,
			);
			name = Products;
			sourceTree = "<group>";
		};
		06F42F5224A3BF0400FF19D3 /* CartoonSwift */ = {
			isa = PBXGroup;
			children = (
				069E828324A5B61C005495F6 /* Easy */,
				069E820A24A4CEB1005495F6 /* 数据结构 */,
				06F42F5324A3BF0400FF19D3 /* main.swift */,
				069E827324A4D589005495F6 /* Stack */,
				069E820924A4CEA6005495F6 /* Array */,
				069E7D4024A46671005495F6 /* Queue */,
				06F42F5A24A3BF1700FF19D3 /* RankArray.swift */,
				06F42F5C24A3C4B700FF19D3 /* SumOfThree.swift */,
			);
			path = CartoonSwift;
			sourceTree = "<group>";
		};
/* End PBXGroup section */

/* Begin PBXNativeTarget section */
		06F42F4F24A3BF0400FF19D3 /* CartoonSwift */ = {
			isa = PBXNativeTarget;
			buildConfigurationList = 06F42F5724A3BF0400FF19D3 /* Build configuration list for PBXNativeTarget "CartoonSwift" */;
			buildPhases = (
				06F42F4C24A3BF0400FF19D3 /* Sources */,
				06F42F4D24A3BF0400FF19D3 /* Frameworks */,
				06F42F4E24A3BF0400FF19D3 /* CopyFiles */,
			);
			buildRules = (
			);
			dependencies = (
			);
			name = CartoonSwift;
			productName = CartoonSwift;
			productReference = 06F42F5024A3BF0400FF19D3 /* CartoonSwift */;
			productType = "com.apple.product-type.tool";
		};
/* End PBXNativeTarget section */

/* Begin PBXProject section */
		06F42F4824A3BF0400FF19D3 /* Project object */ = {
			isa = PBXProject;
			attributes = {
				LastSwiftUpdateCheck = 1150;
				LastUpgradeCheck = 1150;
				ORGANIZATIONNAME = JustinLau;
				TargetAttributes = {
					06F42F4F24A3BF0400FF19D3 = {
						CreatedOnToolsVersion = 11.5;
					};
				};
			};
			buildConfigurationList = 06F42F4B24A3BF0400FF19D3 /* Build configuration list for PBXProject "CartoonSwift" */;
			compatibilityVersion = "Xcode 9.3";
			developmentRegion = en;
			hasScannedForEncodings = 0;
			knownRegions = (
				en,
				Base,
			);
			mainGroup = 06F42F4724A3BF0400FF19D3;
			productRefGroup = 06F42F5124A3BF0400FF19D3 /* Products */;
			projectDirPath = "";
			projectReferences = (
				{
					ProductGroup = 069E824024A4CF0B005495F6 /* Products */;
					ProjectRef = 069E823F24A4CF0B005495F6 /* Stack.xcodeproj */;
				},
			);
			projectRoot = "";
			targets = (
				06F42F4F24A3BF0400FF19D3 /* CartoonSwift */,
			);
		};
/* End PBXProject section */

/* Begin PBXSourcesBuildPhase section */
		06F42F4C24A3BF0400FF19D3 /* Sources */ = {
			isa = PBXSourcesBuildPhase;
			buildActionMask = 2147483647;
			files = (
				069E828024A5AD8C005495F6 /* IslandInStack.swift in Sources */,
				069E828724A5C625005495F6 /* InorderTree.swift in Sources */,
				06F42F5F24A3C6D300FF19D3 /* MyCircularQueue.swift in Sources */,
				069E828224A5B3DC005495F6 /* CloneGraph.swift in Sources */,
				069E827B24A4EE68005495F6 /* ReversePolish.swift in Sources */,
				069E7D4224A466A6005495F6 /* BFS.swift in Sources */,
				069E827924A4DD2E005495F6 /* DailyTemperature.swift in Sources */,
				06F42F5D24A3C4B700FF19D3 /* SumOfThree.swift in Sources */,
				069E827524A4D591005495F6 /* MIniStack.swift in Sources */,
				06F42F5424A3BF0400FF19D3 /* main.swift in Sources */,
				06F42F5B24A3BF1700FF19D3 /* RankArray.swift in Sources */,
				069E827724A4D988005495F6 /* ValidSquare.swift in Sources */,
				069E827E24A59BE8005495F6 /* DFS.swift in Sources */,
				069E828524A5B62E005495F6 /* TwoSum.swift in Sources */,
			);
			runOnlyForDeploymentPostprocessing = 0;
		};
/* End PBXSourcesBuildPhase section */

/* Begin XCBuildConfiguration section */
		06F42F5524A3BF0400FF19D3 /* Debug */ = {
			isa = XCBuildConfiguration;
			buildSettings = {
				ALWAYS_SEARCH_USER_PATHS = NO;
				CLANG_ANALYZER_NONNULL = YES;
				CLANG_ANALYZER_NUMBER_OBJECT_CONVERSION = YES_AGGRESSIVE;
				CLANG_CXX_LANGUAGE_STANDARD = "gnu++14";
				CLANG_CXX_LIBRARY = "libc++";
				CLANG_ENABLE_MODULES = YES;
				CLANG_ENABLE_OBJC_ARC = YES;
				CLANG_ENABLE_OBJC_WEAK = YES;
				CLANG_WARN_BLOCK_CAPTURE_AUTORELEASING = YES;
				CLANG_WARN_BOOL_CONVERSION = YES;
				CLANG_WARN_COMMA = YES;
				CLANG_WARN_CONSTANT_CONVERSION = YES;
				CLANG_WARN_DEPRECATED_OBJC_IMPLEMENTATIONS = YES;
				CLANG_WARN_DIRECT_OBJC_ISA_USAGE = YES_ERROR;
				CLANG_WARN_DOCUMENTATION_COMMENTS = YES;
				CLANG_WARN_EMPTY_BODY = YES;
				CLANG_WARN_ENUM_CONVERSION = YES;
				CLANG_WARN_INFINITE_RECURSION = YES;
				CLANG_WARN_INT_CONVERSION = YES;
				CLANG_WARN_NON_LITERAL_NULL_CONVERSION = YES;
				CLANG_WARN_OBJC_IMPLICIT_RETAIN_SELF = YES;
				CLANG_WARN_OBJC_LITERAL_CONVERSION = YES;
				CLANG_WARN_OBJC_ROOT_CLASS = YES_ERROR;
				CLANG_WARN_RANGE_LOOP_ANALYSIS = YES;
				CLANG_WARN_STRICT_PROTOTYPES = YES;
				CLANG_WARN_SUSPICIOUS_MOVE = YES;
				CLANG_WARN_UNGUARDED_AVAILABILITY = YES_AGGRESSIVE;
				CLANG_WARN_UNREACHABLE_CODE = YES;
				CLANG_WARN__DUPLICATE_METHOD_MATCH = YES;
				COPY_PHASE_STRIP = NO;
				DEBUG_INFORMATION_FORMAT = dwarf;
				ENABLE_STRICT_OBJC_MSGSEND = YES;
				ENABLE_TESTABILITY = YES;
				GCC_C_LANGUAGE_STANDARD = gnu11;
				GCC_DYNAMIC_NO_PIC = NO;
				GCC_NO_COMMON_BLOCKS = YES;
				GCC_OPTIMIZATION_LEVEL = 0;
				GCC_PREPROCESSOR_DEFINITIONS = (
					"DEBUG=1",
					"$(inherited)",
				);
				GCC_WARN_64_TO_32_BIT_CONVERSION = YES;
				GCC_WARN_ABOUT_RETURN_TYPE = YES_ERROR;
				GCC_WARN_UNDECLARED_SELECTOR = YES;
				GCC_WARN_UNINITIALIZED_AUTOS = YES_AGGRESSIVE;
				GCC_WARN_UNUSED_FUNCTION = YES;
				GCC_WARN_UNUSED_VARIABLE = YES;
				MACOSX_DEPLOYMENT_TARGET = 10.15;
				MTL_ENABLE_DEBUG_INFO = INCLUDE_SOURCE;
				MTL_FAST_MATH = YES;
				ONLY_ACTIVE_ARCH = YES;
				SDKROOT = macosx;
				SWIFT_ACTIVE_COMPILATION_CONDITIONS = DEBUG;
				SWIFT_OPTIMIZATION_LEVEL = "-Onone";
			};
			name = Debug;
		};
		06F42F5624A3BF0400FF19D3 /* Release */ = {
			isa = XCBuildConfiguration;
			buildSettings = {
				ALWAYS_SEARCH_USER_PATHS = NO;
				CLANG_ANALYZER_NONNULL = YES;
				CLANG_ANALYZER_NUMBER_OBJECT_CONVERSION = YES_AGGRESSIVE;
				CLANG_CXX_LANGUAGE_STANDARD = "gnu++14";
				CLANG_CXX_LIBRARY = "libc++";
				CLANG_ENABLE_MODULES = YES;
				CLANG_ENABLE_OBJC_ARC = YES;
				CLANG_ENABLE_OBJC_WEAK = YES;
				CLANG_WARN_BLOCK_CAPTURE_AUTORELEASING = YES;
				CLANG_WARN_BOOL_CONVERSION = YES;
				CLANG_WARN_COMMA = YES;
				CLANG_WARN_CONSTANT_CONVERSION = YES;
				CLANG_WARN_DEPRECATED_OBJC_IMPLEMENTATIONS = YES;
				CLANG_WARN_DIRECT_OBJC_ISA_USAGE = YES_ERROR;
				CLANG_WARN_DOCUMENTATION_COMMENTS = YES;
				CLANG_WARN_EMPTY_BODY = YES;
				CLANG_WARN_ENUM_CONVERSION = YES;
				CLANG_WARN_INFINITE_RECURSION = YES;
				CLANG_WARN_INT_CONVERSION = YES;
				CLANG_WARN_NON_LITERAL_NULL_CONVERSION = YES;
				CLANG_WARN_OBJC_IMPLICIT_RETAIN_SELF = YES;
				CLANG_WARN_OBJC_LITERAL_CONVERSION = YES;
				CLANG_WARN_OBJC_ROOT_CLASS = YES_ERROR;
				CLANG_WARN_RANGE_LOOP_ANALYSIS = YES;
				CLANG_WARN_STRICT_PROTOTYPES = YES;
				CLANG_WARN_SUSPICIOUS_MOVE = YES;
				CLANG_WARN_UNGUARDED_AVAILABILITY = YES_AGGRESSIVE;
				CLANG_WARN_UNREACHABLE_CODE = YES;
				CLANG_WARN__DUPLICATE_METHOD_MATCH = YES;
				COPY_PHASE_STRIP = NO;
				DEBUG_INFORMATION_FORMAT = "dwarf-with-dsym";
				ENABLE_NS_ASSERTIONS = NO;
				ENABLE_STRICT_OBJC_MSGSEND = YES;
				GCC_C_LANGUAGE_STANDARD = gnu11;
				GCC_NO_COMMON_BLOCKS = YES;
				GCC_WARN_64_TO_32_BIT_CONVERSION = YES;
				GCC_WARN_ABOUT_RETURN_TYPE = YES_ERROR;
				GCC_WARN_UNDECLARED_SELECTOR = YES;
				GCC_WARN_UNINITIALIZED_AUTOS = YES_AGGRESSIVE;
				GCC_WARN_UNUSED_FUNCTION = YES;
				GCC_WARN_UNUSED_VARIABLE = YES;
				MACOSX_DEPLOYMENT_TARGET = 10.15;
				MTL_ENABLE_DEBUG_INFO = NO;
				MTL_FAST_MATH = YES;
				SDKROOT = macosx;
				SWIFT_COMPILATION_MODE = wholemodule;
				SWIFT_OPTIMIZATION_LEVEL = "-O";
			};
			name = Release;
		};
		06F42F5824A3BF0400FF19D3 /* Debug */ = {
			isa = XCBuildConfiguration;
			buildSettings = {
				CODE_SIGN_STYLE = Automatic;
				DEVELOPMENT_TEAM = RF2LPG6C4X;
				ENABLE_HARDENED_RUNTIME = YES;
				PRODUCT_NAME = "$(TARGET_NAME)";
				SWIFT_VERSION = 5.0;
			};
			name = Debug;
		};
		06F42F5924A3BF0400FF19D3 /* Release */ = {
			isa = XCBuildConfiguration;
			buildSettings = {
				CODE_SIGN_STYLE = Automatic;
				DEVELOPMENT_TEAM = RF2LPG6C4X;
				ENABLE_HARDENED_RUNTIME = YES;
				PRODUCT_NAME = "$(TARGET_NAME)";
				SWIFT_VERSION = 5.0;
			};
			name = Release;
		};
/* End XCBuildConfiguration section */

/* Begin XCConfigurationList section */
		06F42F4B24A3BF0400FF19D3 /* Build configuration list for PBXProject "CartoonSwift" */ = {
			isa = XCConfigurationList;
			buildConfigurations = (
				06F42F5524A3BF0400FF19D3 /* Debug */,
				06F42F5624A3BF0400FF19D3 /* Release */,
			);
			defaultConfigurationIsVisible = 0;
			defaultConfigurationName = Release;
		};
		06F42F5724A3BF0400FF19D3 /* Build configuration list for PBXNativeTarget "CartoonSwift" */ = {
			isa = XCConfigurationList;
			buildConfigurations = (
				06F42F5824A3BF0400FF19D3 /* Debug */,
				06F42F5924A3BF0400FF19D3 /* Release */,
			);
			defaultConfigurationIsVisible = 0;
			defaultConfigurationName = Release;
		};
/* End XCConfigurationList section */
	};
	rootObject = 06F42F4824A3BF0400FF19D3 /* Project object */;
}
