// !$*UTF8*$!
{
	archiveVersion = 1;
	classes = {
	};
	objectVersion = 50;
	objects = {

/* Begin PBXBuildFile section */
		061D95B822BB73F200ED17A6 /* AppDelegate.m in Sources */ = {isa = PBXBuildFile; fileRef = 061D95B722BB73F200ED17A6 /* AppDelegate.m */; };
		061D95BB22BB73F200ED17A6 /* ViewController.m in Sources */ = {isa = PBXBuildFile; fileRef = 061D95BA22BB73F200ED17A6 /* ViewController.m */; };
		061D95BE22BB73F200ED17A6 /* Main.storyboard in Resources */ = {isa = PBXBuildFile; fileRef = 061D95BC22BB73F200ED17A6 /* Main.storyboard */; };
		061D95C022BB73F400ED17A6 /* Assets.xcassets in Resources */ = {isa = PBXBuildFile; fileRef = 061D95BF22BB73F400ED17A6 /* Assets.xcassets */; };
		061D95C322BB73F400ED17A6 /* LaunchScreen.storyboard in Resources */ = {isa = PBXBuildFile; fileRef = 061D95C122BB73F400ED17A6 /* LaunchScreen.storyboard */; };
		061D95C622BB73F400ED17A6 /* main.m in Sources */ = {isa = PBXBuildFile; fileRef = 061D95C522BB73F400ED17A6 /* main.m */; };
		061D95D022BB73F400ED17A6 /* cocoapodsLeadernTests.m in Sources */ = {isa = PBXBuildFile; fileRef = 061D95CF22BB73F400ED17A6 /* cocoapodsLeadernTests.m */; };
		061D95DB22BB73F400ED17A6 /* cocoapodsLeadernUITests.m in Sources */ = {isa = PBXBuildFile; fileRef = 061D95DA22BB73F400ED17A6 /* cocoapodsLeadernUITests.m */; };
		12A72508528769AE18BAACFE /* Pods_cocoapodsLeadern.framework in Frameworks */ = {isa = PBXBuildFile; fileRef = EE151E98469592113D5C0834 /* Pods_cocoapodsLeadern.framework */; };
/* End PBXBuildFile section */

/* Begin PBXContainerItemProxy section */
		061D95CC22BB73F400ED17A6 /* PBXContainerItemProxy */ = {
			isa = PBXContainerItemProxy;
			containerPortal = 061D95AB22BB73F200ED17A6 /* Project object */;
			proxyType = 1;
			remoteGlobalIDString = 061D95B222BB73F200ED17A6;
			remoteInfo = cocoapodsLeadern;
		};
		061D95D722BB73F400ED17A6 /* PBXContainerItemProxy */ = {
			isa = PBXContainerItemProxy;
			containerPortal = 061D95AB22BB73F200ED17A6 /* Project object */;
			proxyType = 1;
			remoteGlobalIDString = 061D95B222BB73F200ED17A6;
			remoteInfo = cocoapodsLeadern;
		};
/* End PBXContainerItemProxy section */

/* Begin PBXFileReference section */
		061D95B322BB73F200ED17A6 /* cocoapodsLeadern.app */ = {isa = PBXFileReference; explicitFileType = wrapper.application; includeInIndex = 0; path = cocoapodsLeadern.app; sourceTree = BUILT_PRODUCTS_DIR; };
		061D95B622BB73F200ED17A6 /* AppDelegate.h */ = {isa = PBXFileReference; lastKnownFileType = sourcecode.c.h; path = AppDelegate.h; sourceTree = "<group>"; };
		061D95B722BB73F200ED17A6 /* AppDelegate.m */ = {isa = PBXFileReference; lastKnownFileType = sourcecode.c.objc; path = AppDelegate.m; sourceTree = "<group>"; };
		061D95B922BB73F200ED17A6 /* ViewController.h */ = {isa = PBXFileReference; lastKnownFileType = sourcecode.c.h; path = ViewController.h; sourceTree = "<group>"; };
		061D95BA22BB73F200ED17A6 /* ViewController.m */ = {isa = PBXFileReference; lastKnownFileType = sourcecode.c.objc; path = ViewController.m; sourceTree = "<group>"; };
		061D95BD22BB73F200ED17A6 /* Base */ = {isa = PBXFileReference; lastKnownFileType = file.storyboard; name = Base; path = Base.lproj/Main.storyboard; sourceTree = "<group>"; };
		061D95BF22BB73F400ED17A6 /* Assets.xcassets */ = {isa = PBXFileReference; lastKnownFileType = folder.assetcatalog; path = Assets.xcassets; sourceTree = "<group>"; };
		061D95C222BB73F400ED17A6 /* Base */ = {isa = PBXFileReference; lastKnownFileType = file.storyboard; name = Base; path = Base.lproj/LaunchScreen.storyboard; sourceTree = "<group>"; };
		061D95C422BB73F400ED17A6 /* Info.plist */ = {isa = PBXFileReference; lastKnownFileType = text.plist.xml; path = Info.plist; sourceTree = "<group>"; };
		061D95C522BB73F400ED17A6 /* main.m */ = {isa = PBXFileReference; lastKnownFileType = sourcecode.c.objc; path = main.m; sourceTree = "<group>"; };
		061D95CB22BB73F400ED17A6 /* cocoapodsLeadernTests.xctest */ = {isa = PBXFileReference; explicitFileType = wrapper.cfbundle; includeInIndex = 0; path = cocoapodsLeadernTests.xctest; sourceTree = BUILT_PRODUCTS_DIR; };
		061D95CF22BB73F400ED17A6 /* cocoapodsLeadernTests.m */ = {isa = PBXFileReference; lastKnownFileType = sourcecode.c.objc; path = cocoapodsLeadernTests.m; sourceTree = "<group>"; };
		061D95D122BB73F400ED17A6 /* Info.plist */ = {isa = PBXFileReference; lastKnownFileType = text.plist.xml; path = Info.plist; sourceTree = "<group>"; };
		061D95D622BB73F400ED17A6 /* cocoapodsLeadernUITests.xctest */ = {isa = PBXFileReference; explicitFileType = wrapper.cfbundle; includeInIndex = 0; path = cocoapodsLeadernUITests.xctest; sourceTree = BUILT_PRODUCTS_DIR; };
		061D95DA22BB73F400ED17A6 /* cocoapodsLeadernUITests.m */ = {isa = PBXFileReference; lastKnownFileType = sourcecode.c.objc; path = cocoapodsLeadernUITests.m; sourceTree = "<group>"; };
		061D95DC22BB73F400ED17A6 /* Info.plist */ = {isa = PBXFileReference; lastKnownFileType = text.plist.xml; path = Info.plist; sourceTree = "<group>"; };
		0896700A792CE5CB7542041D /* Pods-cocoapodsLeadern.debug.xcconfig */ = {isa = PBXFileReference; includeInIndex = 1; lastKnownFileType = text.xcconfig; name = "Pods-cocoapodsLeadern.debug.xcconfig"; path = "Target Support Files/Pods-cocoapodsLeadern/Pods-cocoapodsLeadern.debug.xcconfig"; sourceTree = "<group>"; };
		A79868DC3739FC303DBB69F9 /* Pods-cocoapodsLeadern.release.xcconfig */ = {isa = PBXFileReference; includeInIndex = 1; lastKnownFileType = text.xcconfig; name = "Pods-cocoapodsLeadern.release.xcconfig"; path = "Target Support Files/Pods-cocoapodsLeadern/Pods-cocoapodsLeadern.release.xcconfig"; sourceTree = "<group>"; };
		EE151E98469592113D5C0834 /* Pods_cocoapodsLeadern.framework */ = {isa = PBXFileReference; explicitFileType = wrapper.framework; includeInIndex = 0; path = Pods_cocoapodsLeadern.framework; sourceTree = BUILT_PRODUCTS_DIR; };
/* End PBXFileReference section */

/* Begin PBXFrameworksBuildPhase section */
		061D95B022BB73F200ED17A6 /* Frameworks */ = {
			isa = PBXFrameworksBuildPhase;
			buildActionMask = 2147483647;
			files = (
				12A72508528769AE18BAACFE /* Pods_cocoapodsLeadern.framework in Frameworks */,
			);
			runOnlyForDeploymentPostprocessing = 0;
		};
		061D95C822BB73F400ED17A6 /* Frameworks */ = {
			isa = PBXFrameworksBuildPhase;
			buildActionMask = 2147483647;
			files = (
			);
			runOnlyForDeploymentPostprocessing = 0;
		};
		061D95D322BB73F400ED17A6 /* Frameworks */ = {
			isa = PBXFrameworksBuildPhase;
			buildActionMask = 2147483647;
			files = (
			);
			runOnlyForDeploymentPostprocessing = 0;
		};
/* End PBXFrameworksBuildPhase section */

/* Begin PBXGroup section */
		061D95AA22BB73F200ED17A6 = {
			isa = PBXGroup;
			children = (
				061D95B522BB73F200ED17A6 /* cocoapodsLeadern */,
				061D95CE22BB73F400ED17A6 /* cocoapodsLeadernTests */,
				061D95D922BB73F400ED17A6 /* cocoapodsLeadernUITests */,
				061D95B422BB73F200ED17A6 /* Products */,
				AD2419C093917C80B33875CC /* Pods */,
				3D742A781F4529B2BB54C9F8 /* Frameworks */,
			);
			sourceTree = "<group>";
		};
		061D95B422BB73F200ED17A6 /* Products */ = {
			isa = PBXGroup;
			children = (
				061D95B322BB73F200ED17A6 /* cocoapodsLeadern.app */,
				061D95CB22BB73F400ED17A6 /* cocoapodsLeadernTests.xctest */,
				061D95D622BB73F400ED17A6 /* cocoapodsLeadernUITests.xctest */,
			);
			name = Products;
			sourceTree = "<group>";
		};
		061D95B522BB73F200ED17A6 /* cocoapodsLeadern */ = {
			isa = PBXGroup;
			children = (
				061D95B622BB73F200ED17A6 /* AppDelegate.h */,
				061D95B722BB73F200ED17A6 /* AppDelegate.m */,
				061D95B922BB73F200ED17A6 /* ViewController.h */,
				061D95BA22BB73F200ED17A6 /* ViewController.m */,
				061D95BC22BB73F200ED17A6 /* Main.storyboard */,
				061D95BF22BB73F400ED17A6 /* Assets.xcassets */,
				061D95C122BB73F400ED17A6 /* LaunchScreen.storyboard */,
				061D95C422BB73F400ED17A6 /* Info.plist */,
				061D95C522BB73F400ED17A6 /* main.m */,
			);
			path = cocoapodsLeadern;
			sourceTree = "<group>";
		};
		061D95CE22BB73F400ED17A6 /* cocoapodsLeadernTests */ = {
			isa = PBXGroup;
			children = (
				061D95CF22BB73F400ED17A6 /* cocoapodsLeadernTests.m */,
				061D95D122BB73F400ED17A6 /* Info.plist */,
			);
			path = cocoapodsLeadernTests;
			sourceTree = "<group>";
		};
		061D95D922BB73F400ED17A6 /* cocoapodsLeadernUITests */ = {
			isa = PBXGroup;
			children = (
				061D95DA22BB73F400ED17A6 /* cocoapodsLeadernUITests.m */,
				061D95DC22BB73F400ED17A6 /* Info.plist */,
			);
			path = cocoapodsLeadernUITests;
			sourceTree = "<group>";
		};
		3D742A781F4529B2BB54C9F8 /* Frameworks */ = {
			isa = PBXGroup;
			children = (
				EE151E98469592113D5C0834 /* Pods_cocoapodsLeadern.framework */,
			);
			name = Frameworks;
			sourceTree = "<group>";
		};
		AD2419C093917C80B33875CC /* Pods */ = {
			isa = PBXGroup;
			children = (
				0896700A792CE5CB7542041D /* Pods-cocoapodsLeadern.debug.xcconfig */,
				A79868DC3739FC303DBB69F9 /* Pods-cocoapodsLeadern.release.xcconfig */,
			);
			name = Pods;
			path = Pods;
			sourceTree = "<group>";
		};
/* End PBXGroup section */

/* Begin PBXNativeTarget section */
		061D95B222BB73F200ED17A6 /* cocoapodsLeadern */ = {
			isa = PBXNativeTarget;
			buildConfigurationList = 061D95DF22BB73F400ED17A6 /* Build configuration list for PBXNativeTarget "cocoapodsLeadern" */;
			buildPhases = (
				B38D33D2DD69580063004BDC /* [CP] Check Pods Manifest.lock */,
				061D95AF22BB73F200ED17A6 /* Sources */,
				061D95B022BB73F200ED17A6 /* Frameworks */,
				061D95B122BB73F200ED17A6 /* Resources */,
				98CE7EA9419BC6E0E143E148 /* [CP] Embed Pods Frameworks */,
			);
			buildRules = (
			);
			dependencies = (
			);
			name = cocoapodsLeadern;
			productName = cocoapodsLeadern;
			productReference = 061D95B322BB73F200ED17A6 /* cocoapodsLeadern.app */;
			productType = "com.apple.product-type.application";
		};
		061D95CA22BB73F400ED17A6 /* cocoapodsLeadernTests */ = {
			isa = PBXNativeTarget;
			buildConfigurationList = 061D95E222BB73F400ED17A6 /* Build configuration list for PBXNativeTarget "cocoapodsLeadernTests" */;
			buildPhases = (
				061D95C722BB73F400ED17A6 /* Sources */,
				061D95C822BB73F400ED17A6 /* Frameworks */,
				061D95C922BB73F400ED17A6 /* Resources */,
			);
			buildRules = (
			);
			dependencies = (
				061D95CD22BB73F400ED17A6 /* PBXTargetDependency */,
			);
			name = cocoapodsLeadernTests;
			productName = cocoapodsLeadernTests;
			productReference = 061D95CB22BB73F400ED17A6 /* cocoapodsLeadernTests.xctest */;
			productType = "com.apple.product-type.bundle.unit-test";
		};
		061D95D522BB73F400ED17A6 /* cocoapodsLeadernUITests */ = {
			isa = PBXNativeTarget;
			buildConfigurationList = 061D95E522BB73F400ED17A6 /* Build configuration list for PBXNativeTarget "cocoapodsLeadernUITests" */;
			buildPhases = (
				061D95D222BB73F400ED17A6 /* Sources */,
				061D95D322BB73F400ED17A6 /* Frameworks */,
				061D95D422BB73F400ED17A6 /* Resources */,
			);
			buildRules = (
			);
			dependencies = (
				061D95D822BB73F400ED17A6 /* PBXTargetDependency */,
			);
			name = cocoapodsLeadernUITests;
			productName = cocoapodsLeadernUITests;
			productReference = 061D95D622BB73F400ED17A6 /* cocoapodsLeadernUITests.xctest */;
			productType = "com.apple.product-type.bundle.ui-testing";
		};
/* End PBXNativeTarget section */

/* Begin PBXProject section */
		061D95AB22BB73F200ED17A6 /* Project object */ = {
			isa = PBXProject;
			attributes = {
				LastUpgradeCheck = 1020;
				ORGANIZATIONNAME = JustinLau;
				TargetAttributes = {
					061D95B222BB73F200ED17A6 = {
						CreatedOnToolsVersion = 10.2.1;
					};
					061D95CA22BB73F400ED17A6 = {
						CreatedOnToolsVersion = 10.2.1;
						TestTargetID = 061D95B222BB73F200ED17A6;
					};
					061D95D522BB73F400ED17A6 = {
						CreatedOnToolsVersion = 10.2.1;
						TestTargetID = 061D95B222BB73F200ED17A6;
					};
				};
			};
			buildConfigurationList = 061D95AE22BB73F200ED17A6 /* Build configuration list for PBXProject "cocoapodsLeadern" */;
			compatibilityVersion = "Xcode 9.3";
			developmentRegion = en;
			hasScannedForEncodings = 0;
			knownRegions = (
				en,
				Base,
			);
			mainGroup = 061D95AA22BB73F200ED17A6;
			productRefGroup = 061D95B422BB73F200ED17A6 /* Products */;
			projectDirPath = "";
			projectRoot = "";
			targets = (
				061D95B222BB73F200ED17A6 /* cocoapodsLeadern */,
				061D95CA22BB73F400ED17A6 /* cocoapodsLeadernTests */,
				061D95D522BB73F400ED17A6 /* cocoapodsLeadernUITests */,
			);
		};
/* End PBXProject section */

/* Begin PBXResourcesBuildPhase section */
		061D95B122BB73F200ED17A6 /* Resources */ = {
			isa = PBXResourcesBuildPhase;
			buildActionMask = 2147483647;
			files = (
				061D95C322BB73F400ED17A6 /* LaunchScreen.storyboard in Resources */,
				061D95C022BB73F400ED17A6 /* Assets.xcassets in Resources */,
				061D95BE22BB73F200ED17A6 /* Main.storyboard in Resources */,
			);
			runOnlyForDeploymentPostprocessing = 0;
		};
		061D95C922BB73F400ED17A6 /* Resources */ = {
			isa = PBXResourcesBuildPhase;
			buildActionMask = 2147483647;
			files = (
			);
			runOnlyForDeploymentPostprocessing = 0;
		};
		061D95D422BB73F400ED17A6 /* Resources */ = {
			isa = PBXResourcesBuildPhase;
			buildActionMask = 2147483647;
			files = (
			);
			runOnlyForDeploymentPostprocessing = 0;
		};
/* End PBXResourcesBuildPhase section */

/* Begin PBXShellScriptBuildPhase section */
		98CE7EA9419BC6E0E143E148 /* [CP] Embed Pods Frameworks */ = {
			isa = PBXShellScriptBuildPhase;
			buildActionMask = 2147483647;
			files = (
			);
			inputFileListPaths = (
				"${PODS_ROOT}/Target Support Files/Pods-cocoapodsLeadern/Pods-cocoapodsLeadern-frameworks-${CONFIGURATION}-input-files.xcfilelist",
			);
			name = "[CP] Embed Pods Frameworks";
			outputFileListPaths = (
				"${PODS_ROOT}/Target Support Files/Pods-cocoapodsLeadern/Pods-cocoapodsLeadern-frameworks-${CONFIGURATION}-output-files.xcfilelist",
			);
			runOnlyForDeploymentPostprocessing = 0;
			shellPath = /bin/sh;
			shellScript = "\"${PODS_ROOT}/Target Support Files/Pods-cocoapodsLeadern/Pods-cocoapodsLeadern-frameworks.sh\"\n";
			showEnvVarsInLog = 0;
		};
		B38D33D2DD69580063004BDC /* [CP] Check Pods Manifest.lock */ = {
			isa = PBXShellScriptBuildPhase;
			buildActionMask = 2147483647;
			files = (
			);
			inputFileListPaths = (
			);
			inputPaths = (
				"${PODS_PODFILE_DIR_PATH}/Podfile.lock",
				"${PODS_ROOT}/Manifest.lock",
			);
			name = "[CP] Check Pods Manifest.lock";
			outputFileListPaths = (
			);
			outputPaths = (
				"$(DERIVED_FILE_DIR)/Pods-cocoapodsLeadern-checkManifestLockResult.txt",
			);
			runOnlyForDeploymentPostprocessing = 0;
			shellPath = /bin/sh;
			shellScript = "diff \"${PODS_PODFILE_DIR_PATH}/Podfile.lock\" \"${PODS_ROOT}/Manifest.lock\" > /dev/null\nif [ $? != 0 ] ; then\n    # print error to STDERR\n    echo \"error: The sandbox is not in sync with the Podfile.lock. Run 'pod install' or update your CocoaPods installation.\" >&2\n    exit 1\nfi\n# This output is used by Xcode 'outputs' to avoid re-running this script phase.\necho \"SUCCESS\" > \"${SCRIPT_OUTPUT_FILE_0}\"\n";
			showEnvVarsInLog = 0;
		};
/* End PBXShellScriptBuildPhase section */

/* Begin PBXSourcesBuildPhase section */
		061D95AF22BB73F200ED17A6 /* Sources */ = {
			isa = PBXSourcesBuildPhase;
			buildActionMask = 2147483647;
			files = (
				061D95BB22BB73F200ED17A6 /* ViewController.m in Sources */,
				061D95C622BB73F400ED17A6 /* main.m in Sources */,
				061D95B822BB73F200ED17A6 /* AppDelegate.m in Sources */,
			);
			runOnlyForDeploymentPostprocessing = 0;
		};
		061D95C722BB73F400ED17A6 /* Sources */ = {
			isa = PBXSourcesBuildPhase;
			buildActionMask = 2147483647;
			files = (
				061D95D022BB73F400ED17A6 /* cocoapodsLeadernTests.m in Sources */,
			);
			runOnlyForDeploymentPostprocessing = 0;
		};
		061D95D222BB73F400ED17A6 /* Sources */ = {
			isa = PBXSourcesBuildPhase;
			buildActionMask = 2147483647;
			files = (
				061D95DB22BB73F400ED17A6 /* cocoapodsLeadernUITests.m in Sources */,
			);
			runOnlyForDeploymentPostprocessing = 0;
		};
/* End PBXSourcesBuildPhase section */

/* Begin PBXTargetDependency section */
		061D95CD22BB73F400ED17A6 /* PBXTargetDependency */ = {
			isa = PBXTargetDependency;
			target = 061D95B222BB73F200ED17A6 /* cocoapodsLeadern */;
			targetProxy = 061D95CC22BB73F400ED17A6 /* PBXContainerItemProxy */;
		};
		061D95D822BB73F400ED17A6 /* PBXTargetDependency */ = {
			isa = PBXTargetDependency;
			target = 061D95B222BB73F200ED17A6 /* cocoapodsLeadern */;
			targetProxy = 061D95D722BB73F400ED17A6 /* PBXContainerItemProxy */;
		};
/* End PBXTargetDependency section */

/* Begin PBXVariantGroup section */
		061D95BC22BB73F200ED17A6 /* Main.storyboard */ = {
			isa = PBXVariantGroup;
			children = (
				061D95BD22BB73F200ED17A6 /* Base */,
			);
			name = Main.storyboard;
			sourceTree = "<group>";
		};
		061D95C122BB73F400ED17A6 /* LaunchScreen.storyboard */ = {
			isa = PBXVariantGroup;
			children = (
				061D95C222BB73F400ED17A6 /* Base */,
			);
			name = LaunchScreen.storyboard;
			sourceTree = "<group>";
		};
/* End PBXVariantGroup section */

/* Begin XCBuildConfiguration section */
		061D95DD22BB73F400ED17A6 /* Debug */ = {
			isa = XCBuildConfiguration;
			buildSettings = {
				ALWAYS_SEARCH_USER_PATHS = NO;
				CLANG_ANALYZER_NONNULL = YES;
				CLANG_ANALYZER_NUMBER_OBJECT_CONVERSION = YES_AGGRESSIVE;
				CLANG_CXX_LANGUAGE_STANDARD = "gnu++14";
				CLANG_CXX_LIBRARY = "libc++";
				CLANG_ENABLE_MODULES = YES;
				CLANG_ENABLE_OBJC_ARC = YES;
				CLANG_ENABLE_OBJC_WEAK = YES;
				CLANG_WARN_BLOCK_CAPTURE_AUTORELEASING = YES;
				CLANG_WARN_BOOL_CONVERSION = YES;
				CLANG_WARN_COMMA = YES;
				CLANG_WARN_CONSTANT_CONVERSION = YES;
				CLANG_WARN_DEPRECATED_OBJC_IMPLEMENTATIONS = YES;
				CLANG_WARN_DIRECT_OBJC_ISA_USAGE = YES_ERROR;
				CLANG_WARN_DOCUMENTATION_COMMENTS = YES;
				CLANG_WARN_EMPTY_BODY = YES;
				CLANG_WARN_ENUM_CONVERSION = YES;
				CLANG_WARN_INFINITE_RECURSION = YES;
				CLANG_WARN_INT_CONVERSION = YES;
				CLANG_WARN_NON_LITERAL_NULL_CONVERSION = YES;
				CLANG_WARN_OBJC_IMPLICIT_RETAIN_SELF = YES;
				CLANG_WARN_OBJC_LITERAL_CONVERSION = YES;
				CLANG_WARN_OBJC_ROOT_CLASS = YES_ERROR;
				CLANG_WARN_RANGE_LOOP_ANALYSIS = YES;
				CLANG_WARN_STRICT_PROTOTYPES = YES;
				CLANG_WARN_SUSPICIOUS_MOVE = YES;
				CLANG_WARN_UNGUARDED_AVAILABILITY = YES_AGGRESSIVE;
				CLANG_WARN_UNREACHABLE_CODE = YES;
				CLANG_WARN__DUPLICATE_METHOD_MATCH = YES;
				CODE_SIGN_IDENTITY = "iPhone Developer";
				COPY_PHASE_STRIP = NO;
				DEBUG_INFORMATION_FORMAT = dwarf;
				ENABLE_STRICT_OBJC_MSGSEND = YES;
				ENABLE_TESTABILITY = YES;
				GCC_C_LANGUAGE_STANDARD = gnu11;
				GCC_DYNAMIC_NO_PIC = NO;
				GCC_NO_COMMON_BLOCKS = YES;
				GCC_OPTIMIZATION_LEVEL = 0;
				GCC_PREPROCESSOR_DEFINITIONS = (
					"DEBUG=1",
					"$(inherited)",
				);
				GCC_WARN_64_TO_32_BIT_CONVERSION = YES;
				GCC_WARN_ABOUT_RETURN_TYPE = YES_ERROR;
				GCC_WARN_UNDECLARED_SELECTOR = YES;
				GCC_WARN_UNINITIALIZED_AUTOS = YES_AGGRESSIVE;
				GCC_WARN_UNUSED_FUNCTION = YES;
				GCC_WARN_UNUSED_VARIABLE = YES;
				IPHONEOS_DEPLOYMENT_TARGET = 12.2;
				MTL_ENABLE_DEBUG_INFO = INCLUDE_SOURCE;
				MTL_FAST_MATH = YES;
				ONLY_ACTIVE_ARCH = YES;
				SDKROOT = iphoneos;
			};
			name = Debug;
		};
		061D95DE22BB73F400ED17A6 /* Release */ = {
			isa = XCBuildConfiguration;
			buildSettings = {
				ALWAYS_SEARCH_USER_PATHS = NO;
				CLANG_ANALYZER_NONNULL = YES;
				CLANG_ANALYZER_NUMBER_OBJECT_CONVERSION = YES_AGGRESSIVE;
				CLANG_CXX_LANGUAGE_STANDARD = "gnu++14";
				CLANG_CXX_LIBRARY = "libc++";
				CLANG_ENABLE_MODULES = YES;
				CLANG_ENABLE_OBJC_ARC = YES;
				CLANG_ENABLE_OBJC_WEAK = YES;
				CLANG_WARN_BLOCK_CAPTURE_AUTORELEASING = YES;
				CLANG_WARN_BOOL_CONVERSION = YES;
				CLANG_WARN_COMMA = YES;
				CLANG_WARN_CONSTANT_CONVERSION = YES;
				CLANG_WARN_DEPRECATED_OBJC_IMPLEMENTATIONS = YES;
				CLANG_WARN_DIRECT_OBJC_ISA_USAGE = YES_ERROR;
				CLANG_WARN_DOCUMENTATION_COMMENTS = YES;
				CLANG_WARN_EMPTY_BODY = YES;
				CLANG_WARN_ENUM_CONVERSION = YES;
				CLANG_WARN_INFINITE_RECURSION = YES;
				CLANG_WARN_INT_CONVERSION = YES;
				CLANG_WARN_NON_LITERAL_NULL_CONVERSION = YES;
				CLANG_WARN_OBJC_IMPLICIT_RETAIN_SELF = YES;
				CLANG_WARN_OBJC_LITERAL_CONVERSION = YES;
				CLANG_WARN_OBJC_ROOT_CLASS = YES_ERROR;
				CLANG_WARN_RANGE_LOOP_ANALYSIS = YES;
				CLANG_WARN_STRICT_PROTOTYPES = YES;
				CLANG_WARN_SUSPICIOUS_MOVE = YES;
				CLANG_WARN_UNGUARDED_AVAILABILITY = YES_AGGRESSIVE;
				CLANG_WARN_UNREACHABLE_CODE = YES;
				CLANG_WARN__DUPLICATE_METHOD_MATCH = YES;
				CODE_SIGN_IDENTITY = "iPhone Developer";
				COPY_PHASE_STRIP = NO;
				DEBUG_INFORMATION_FORMAT = "dwarf-with-dsym";
				ENABLE_NS_ASSERTIONS = NO;
				ENABLE_STRICT_OBJC_MSGSEND = YES;
				GCC_C_LANGUAGE_STANDARD = gnu11;
				GCC_NO_COMMON_BLOCKS = YES;
				GCC_WARN_64_TO_32_BIT_CONVERSION = YES;
				GCC_WARN_ABOUT_RETURN_TYPE = YES_ERROR;
				GCC_WARN_UNDECLARED_SELECTOR = YES;
				GCC_WARN_UNINITIALIZED_AUTOS = YES_AGGRESSIVE;
				GCC_WARN_UNUSED_FUNCTION = YES;
				GCC_WARN_UNUSED_VARIABLE = YES;
				IPHONEOS_DEPLOYMENT_TARGET = 12.2;
				MTL_ENABLE_DEBUG_INFO = NO;
				MTL_FAST_MATH = YES;
				SDKROOT = iphoneos;
				VALIDATE_PRODUCT = YES;
			};
			name = Release;
		};
		061D95E022BB73F400ED17A6 /* Debug */ = {
			isa = XCBuildConfiguration;
			baseConfigurationReference = 0896700A792CE5CB7542041D /* Pods-cocoapodsLeadern.debug.xcconfig */;
			buildSettings = {
				ASSETCATALOG_COMPILER_APPICON_NAME = AppIcon;
				CODE_SIGN_STYLE = Automatic;
				DEVELOPMENT_TEAM = TE2958KSXV;
				INFOPLIST_FILE = cocoapodsLeadern/Info.plist;
				LD_RUNPATH_SEARCH_PATHS = (
					"$(inherited)",
					"@executable_path/Frameworks",
				);
				PRODUCT_BUNDLE_IDENTIFIER = com.redstar.demo.cocoapodsLeadern;
				PRODUCT_NAME = "$(TARGET_NAME)";
				TARGETED_DEVICE_FAMILY = "1,2";
			};
			name = Debug;
		};
		061D95E122BB73F400ED17A6 /* Release */ = {
			isa = XCBuildConfiguration;
			baseConfigurationReference = A79868DC3739FC303DBB69F9 /* Pods-cocoapodsLeadern.release.xcconfig */;
			buildSettings = {
				ASSETCATALOG_COMPILER_APPICON_NAME = AppIcon;
				CODE_SIGN_STYLE = Automatic;
				DEVELOPMENT_TEAM = TE2958KSXV;
				INFOPLIST_FILE = cocoapodsLeadern/Info.plist;
				LD_RUNPATH_SEARCH_PATHS = (
					"$(inherited)",
					"@executable_path/Frameworks",
				);
				PRODUCT_BUNDLE_IDENTIFIER = com.redstar.demo.cocoapodsLeadern;
				PRODUCT_NAME = "$(TARGET_NAME)";
				TARGETED_DEVICE_FAMILY = "1,2";
			};
			name = Release;
		};
		061D95E322BB73F400ED17A6 /* Debug */ = {
			isa = XCBuildConfiguration;
			buildSettings = {
				BUNDLE_LOADER = "$(TEST_HOST)";
				CODE_SIGN_STYLE = Automatic;
				DEVELOPMENT_TEAM = TE2958KSXV;
				INFOPLIST_FILE = cocoapodsLeadernTests/Info.plist;
				LD_RUNPATH_SEARCH_PATHS = (
					"$(inherited)",
					"@executable_path/Frameworks",
					"@loader_path/Frameworks",
				);
				PRODUCT_BUNDLE_IDENTIFIER = com.redstar.demo.cocoapodsLeadernTests;
				PRODUCT_NAME = "$(TARGET_NAME)";
				TARGETED_DEVICE_FAMILY = "1,2";
				TEST_HOST = "$(BUILT_PRODUCTS_DIR)/cocoapodsLeadern.app/cocoapodsLeadern";
			};
			name = Debug;
		};
		061D95E422BB73F400ED17A6 /* Release */ = {
			isa = XCBuildConfiguration;
			buildSettings = {
				BUNDLE_LOADER = "$(TEST_HOST)";
				CODE_SIGN_STYLE = Automatic;
				DEVELOPMENT_TEAM = TE2958KSXV;
				INFOPLIST_FILE = cocoapodsLeadernTests/Info.plist;
				LD_RUNPATH_SEARCH_PATHS = (
					"$(inherited)",
					"@executable_path/Frameworks",
					"@loader_path/Frameworks",
				);
				PRODUCT_BUNDLE_IDENTIFIER = com.redstar.demo.cocoapodsLeadernTests;
				PRODUCT_NAME = "$(TARGET_NAME)";
				TARGETED_DEVICE_FAMILY = "1,2";
				TEST_HOST = "$(BUILT_PRODUCTS_DIR)/cocoapodsLeadern.app/cocoapodsLeadern";
			};
			name = Release;
		};
		061D95E622BB73F400ED17A6 /* Debug */ = {
			isa = XCBuildConfiguration;
			buildSettings = {
				CODE_SIGN_STYLE = Automatic;
				DEVELOPMENT_TEAM = TE2958KSXV;
				INFOPLIST_FILE = cocoapodsLeadernUITests/Info.plist;
				LD_RUNPATH_SEARCH_PATHS = (
					"$(inherited)",
					"@executable_path/Frameworks",
					"@loader_path/Frameworks",
				);
				PRODUCT_BUNDLE_IDENTIFIER = com.redstar.demo.cocoapodsLeadernUITests;
				PRODUCT_NAME = "$(TARGET_NAME)";
				TARGETED_DEVICE_FAMILY = "1,2";
				TEST_TARGET_NAME = cocoapodsLeadern;
			};
			name = Debug;
		};
		061D95E722BB73F400ED17A6 /* Release */ = {
			isa = XCBuildConfiguration;
			buildSettings = {
				CODE_SIGN_STYLE = Automatic;
				DEVELOPMENT_TEAM = TE2958KSXV;
				INFOPLIST_FILE = cocoapodsLeadernUITests/Info.plist;
				LD_RUNPATH_SEARCH_PATHS = (
					"$(inherited)",
					"@executable_path/Frameworks",
					"@loader_path/Frameworks",
				);
				PRODUCT_BUNDLE_IDENTIFIER = com.redstar.demo.cocoapodsLeadernUITests;
				PRODUCT_NAME = "$(TARGET_NAME)";
				TARGETED_DEVICE_FAMILY = "1,2";
				TEST_TARGET_NAME = cocoapodsLeadern;
			};
			name = Release;
		};
/* End XCBuildConfiguration section */

/* Begin XCConfigurationList section */
		061D95AE22BB73F200ED17A6 /* Build configuration list for PBXProject "cocoapodsLeadern" */ = {
			isa = XCConfigurationList;
			buildConfigurations = (
				061D95DD22BB73F400ED17A6 /* Debug */,
				061D95DE22BB73F400ED17A6 /* Release */,
			);
			defaultConfigurationIsVisible = 0;
			defaultConfigurationName = Release;
		};
		061D95DF22BB73F400ED17A6 /* Build configuration list for PBXNativeTarget "cocoapodsLeadern" */ = {
			isa = XCConfigurationList;
			buildConfigurations = (
				061D95E022BB73F400ED17A6 /* Debug */,
				061D95E122BB73F400ED17A6 /* Release */,
			);
			defaultConfigurationIsVisible = 0;
			defaultConfigurationName = Release;
		};
		061D95E222BB73F400ED17A6 /* Build configuration list for PBXNativeTarget "cocoapodsLeadernTests" */ = {
			isa = XCConfigurationList;
			buildConfigurations = (
				061D95E322BB73F400ED17A6 /* Debug */,
				061D95E422BB73F400ED17A6 /* Release */,
			);
			defaultConfigurationIsVisible = 0;
			defaultConfigurationName = Release;
		};
		061D95E522BB73F400ED17A6 /* Build configuration list for PBXNativeTarget "cocoapodsLeadernUITests" */ = {
			isa = XCConfigurationList;
			buildConfigurations = (
				061D95E622BB73F400ED17A6 /* Debug */,
				061D95E722BB73F400ED17A6 /* Release */,
			);
			defaultConfigurationIsVisible = 0;
			defaultConfigurationName = Release;
		};
/* End XCConfigurationList section */
	};
	rootObject = 061D95AB22BB73F200ED17A6 /* Project object */;
}
